
Microsoft Visual Studio Solution File, Format Version 12.00
# Visual Studio 2012
Project("{FAE04EC0-301F-11D3-BF4B-00C04F79EFBC}") = "TurnWhite", "TurnWhite\TurnWhite.csproj", "{C413A839-2AF8-466B-A2A9-00BDD9D18D52}"
EndProject
Global
	GlobalSection(SolutionConfigurationPlatforms) = preSolution
		Debug|Any CPU = Debug|Any CPU
		Release|Any CPU = Release|Any CPU
	EndGlobalSection
	GlobalSection(ProjectConfigurationPlatforms) = postSolution
		{C413A839-2AF8-466B-A2A9-00BDD9D18D52}.Debug|Any CPU.ActiveCfg = Debug|Any CPU
		{C413A839-2AF8-466B-A2A9-00BDD9D18D52}.Debug|Any CPU.Build.0 = Debug|Any CPU
		{C413A839-2AF8-466B-A2A9-00BDD9D18D52}.Release|Any CPU.ActiveCfg = Release|Any CPU
		{C413A839-2AF8-466B-A2A9-00BDD9D18D52}.Release|Any CPU.Build.0 = Release|Any CPU
	EndGlobalSection
	GlobalSection(SolutionProperties) = preSolution
		HideSolutionNode = FALSE
	EndGlobalSection
EndGlobal
